
Microsoft Visual Studio Solution File, Format Version 12.00
# Visual Studio Version 17
VisualStudioVersion = 17.9.34728.123
MinimumVisualStudioVersion = 10.0.40219.1
Project("{FAE04EC0-301F-11D3-BF4B-00C04F79EFBC}") = "ResumeManagementSystem", "ResumeManagementSystem\ResumeManagementSystem.csproj", "{0D9BC716-2AA7-4FB7-A960-B5D046FAA9AE}"
EndProject
Global
	GlobalSection(SolutionConfigurationPlatforms) = preSolution
		Debug|Any CPU = Debug|Any CPU
		Release|Any CPU = Release|Any CPU
	EndGlobalSection
	GlobalSection(ProjectConfigurationPlatforms) = postSolution
		{0D9BC716-2AA7-4FB7-A960-B5D046FAA9AE}.Debug|Any CPU.ActiveCfg = Debug|Any CPU
		{0D9BC716-2AA7-4FB7-A960-B5D046FAA9AE}.Debug|Any CPU.Build.0 = Debug|Any CPU
		{0D9BC716-2AA7-4FB7-A960-B5D046FAA9AE}.Release|Any CPU.ActiveCfg = Release|Any CPU
		{0D9BC716-2AA7-4FB7-A960-B5D046FAA9AE}.Release|Any CPU.Build.0 = Release|Any CPU
	EndGlobalSection
	GlobalSection(SolutionProperties) = preSolution
		HideSolutionNode = FALSE
	EndGlobalSection
	GlobalSection(ExtensibilityGlobals) = postSolution
		SolutionGuid = {1900F5DA-3A56-42A2-82C6-A2F33EE5A1CE}
	EndGlobalSection
EndGlobal
